
Microsoft Visual Studio Solution File, Format Version 12.00
# Visual Studio Version 17
VisualStudioVersion = 17.7.34202.233
MinimumVisualStudioVersion = 10.0.40219.1
Project("{9A19103F-16F7-4668-BE54-9A1E7A4F7556}") = "DayTimerRedo", "DayTimerRedo\DayTimerRedo.csproj", "{63960DB5-0CA8-4025-9273-F383BBF6EBC2}"
EndProject
Project("{FAE04EC0-301F-11D3-BF4B-00C04F79EFBC}") = "DayTimerRedo.Tests", "DayTimerRedo.Tests\DayTimerRedo.Tests.csproj", "{E275164C-EC91-4875-90C0-1F023247441A}"
EndProject
Global
	GlobalSection(SolutionConfigurationPlatforms) = preSolution
		Debug|Any CPU = Debug|Any CPU
		Release|Any CPU = Release|Any CPU
	EndGlobalSection
	GlobalSection(ProjectConfigurationPlatforms) = postSolution
		{63960DB5-0CA8-4025-9273-F383BBF6EBC2}.Debug|Any CPU.ActiveCfg = Debug|Any CPU
		{63960DB5-0CA8-4025-9273-F383BBF6EBC2}.Debug|Any CPU.Build.0 = Debug|Any CPU
		{63960DB5-0CA8-4025-9273-F383BBF6EBC2}.Release|Any CPU.ActiveCfg = Release|Any CPU
		{63960DB5-0CA8-4025-9273-F383BBF6EBC2}.Release|Any CPU.Build.0 = Release|Any CPU
		{E275164C-EC91-4875-90C0-1F023247441A}.Debug|Any CPU.ActiveCfg = Debug|Any CPU
		{E275164C-EC91-4875-90C0-1F023247441A}.Debug|Any CPU.Build.0 = Debug|Any CPU
		{E275164C-EC91-4875-90C0-1F023247441A}.Release|Any CPU.ActiveCfg = Release|Any CPU
		{E275164C-EC91-4875-90C0-1F023247441A}.Release|Any CPU.Build.0 = Release|Any CPU
	EndGlobalSection
	GlobalSection(SolutionProperties) = preSolution
		HideSolutionNode = FALSE
	EndGlobalSection
	GlobalSection(ExtensibilityGlobals) = postSolution
		SolutionGuid = {23B41462-9DD9-4F2E-8FD6-8B8CC67F82B0}
	EndGlobalSection
EndGlobal
